<Solution>
  <Project Path="wa.api/wa.api.csproj" />
  <Project Path="wa.application/wa.application.csproj" />
  <Project Path="wa.domain/wa.domain.csproj" />
  <Project Path="wa.infrastructure/wa.infrastructure.csproj" />
  <Project Path="wa.web/wa.web.esproj">
    <Build />
    <Deploy />
  </Project>
  <Project Path="wa.workers/wa.workers.csproj" />
  <Folder Name="/Solution Items/">
    <File Path="../.gitignore" />
    <File Path="../global.json" />
    <File Path="../packages.props" />
  </Folder>
  <Folder Name="/tests/">
    <Project Path="../tests/wa.api.integration/wa.api.integration.csproj" />
    <Project Path="../tests/wa.application.unit/wa.application.unit.csproj" />
    <Project Path="../tests/wa.domain.unit/wa.domain.unit.csproj" />
  </Folder>
  <Folder Name="/docs/">
    <File Path="../docs/README.md" />
    <File Path="../docs/START-HERE.md" />
    <File Path="../docs/AGENTS.md" />
    <File Path="../docs/AGENT.md" />
    <File Path="../docs/PROGRESS.md" />
    <File Path="../docs/Milestone-Backlog.md" />
    <File Path="../docs/Open-Decisions-and-Constants.md" />
    <File Path="../docs/ESCALATIONS.md" />
    <File Path="../docs/Preflight-Checklist.md" />
    <File Path="../docs/QA-SCRIPTS.md" />
    <File Path="../docs/LOCAL-LLM-RUNBOOK.md" />
    <File Path="../docs/Getting-Started-VS2026.md" />
    <File Path="../docs/UI-Reference.md" />
    <File Path="../docs/01-product-analysis.md" />
    <File Path="../docs/02-feature-plan.md" />
    <File Path="../docs/03-technical-architecture.md" />
    <File Path="../docs/04-production-plan.md" />
    <File Path="../docs/features/Phase 0-MVP/F-TRF-001/F-TRF-001-upload-surface.md" />
    <File Path="../docs/features/Phase 0-MVP/F-TRF-001/US-001-01-select-files.md" />
    <File Path="../docs/features/Phase 0-MVP/F-TRF-001/US-001-02-stage-files.md" />
    <File Path="../docs/features/Phase 0-MVP/F-TRF-001/US-001-03-size-validation.md" />
    <File Path="../docs/features/Phase 0-MVP/F-TRF-001/US-001-04-upload-progress.md" />
    <File Path="../docs/features/Phase 0-MVP/F-TRF-001/US-001-05-retry-upload.md" />
    <File Path="../docs/features/Phase 0-MVP/F-TRF-002/F-TRF-002-transfer-link.md" />
    <File Path="../docs/features/Phase 0-MVP/F-TRF-002/US-002-01-unique-link.md" />
    <File Path="../docs/features/Phase 0-MVP/F-TRF-002/US-002-02-send-by-email.md" />
    <File Path="../docs/features/Phase 0-MVP/F-TRF-002/US-002-03-password.md" />
    <File Path="../docs/features/Phase 0-MVP/F-TRF-002/US-002-04-sender-note.md" />
    <File Path="../docs/features/Phase 0-MVP/F-TRF-002/US-002-05-link-only.md" />
    <File Path="../docs/features/Phase 0-MVP/F-TRF-003/F-TRF-003-recipient-page.md" />
    <File Path="../docs/features/Phase 0-MVP/F-TRF-003/US-003-01-open-link.md" />
    <File Path="../docs/features/Phase 0-MVP/F-TRF-003/US-003-02-download-all.md" />
    <File Path="../docs/features/Phase 0-MVP/F-TRF-003/US-003-03-download-individual.md" />
    <File Path="../docs/features/Phase 0-MVP/F-TRF-003/US-003-04-unlock-password.md" />
    <File Path="../docs/features/Phase 0-MVP/F-TRF-003/US-003-05-remaining-expired.md" />
    <File Path="../docs/features/Phase 0-MVP/F-TRF-003/US-003-06-mobile-download.md" />
    <File Path="../docs/features/Phase 0-MVP/F-TRF-003/US-003-07-growth-loop.md" />
    <File Path="../docs/features/Phase 0-MVP/F-TRF-004/F-TRF-004-download-zip.md" />
    <File Path="../docs/features/Phase 0-MVP/F-TRF-004/US-004-01-generate-zip.md" />
    <File Path="../docs/features/Phase 0-MVP/F-TRF-004/US-004-02-cached-zip.md" />
    <File Path="../docs/features/Phase 0-MVP/F-TRF-004/US-004-03-zip-cap.md" />
    <File Path="../docs/features/Phase 0-MVP/F-TRF-005/F-TRF-005-expiry-deletion.md" />
    <File Path="../docs/features/Phase 0-MVP/F-TRF-005/US-005-01-auto-expiry.md" />
    <File Path="../docs/features/Phase 0-MVP/F-TRF-005/US-005-02-auto-deletion.md" />
    <File Path="../docs/features/Phase 0-MVP/F-TRF-005/US-005-03-download-limit.md" />
    <File Path="../docs/features/Phase 0-MVP/F-TRF-006/F-TRF-006-email.md" />
    <File Path="../docs/features/Phase 0-MVP/F-TRF-006/US-006-01-recipient-email.md" />
    <File Path="../docs/features/Phase 0-MVP/F-TRF-006/US-006-02-retry-delivery.md" />
    <File Path="../docs/features/Phase 0-MVP/F-TRF-006/US-006-03-unsubscribe.md" />
    <File Path="../docs/features/Phase 0-MVP/F-TRF-006/US-006-04-reply-branding.md" />
    <File Path="../docs/features/Phase 0-MVP/F-TRF-006/US-006-05-localized-email.md" />
    <File Path="../docs/features/Phase 0-MVP/F-TRF-007/F-TRF-007-limits.md" />
    <File Path="../docs/features/Phase 0-MVP/F-TRF-007/US-007-01-free-limits.md" />
    <File Path="../docs/features/Phase 0-MVP/F-TRF-007/US-007-02-storage-quota.md" />
    <File Path="../docs/features/Phase 0-MVP/F-TRF-007/US-007-03-server-enforcement.md" />
    <File Path="../docs/features/Phase 0-MVP/F-TRF-007/US-007-04-flag-limits.md" />
    <File Path="../docs/features/Phase 0-MVP/F-TRF-008/F-TRF-008-accounts.md" />
    <File Path="../docs/features/Phase 0-MVP/F-TRF-008/US-008-01-signup-password.md" />
    <File Path="../docs/features/Phase 0-MVP/F-TRF-008/US-008-02-magic-link.md" />
    <File Path="../docs/features/Phase 0-MVP/F-TRF-008/US-008-03-forgot-password.md" />
    <File Path="../docs/features/Phase 0-MVP/F-TRF-008/US-008-04-profile.md" />
    <File Path="../docs/features/Phase 0-MVP/F-TRF-008/US-008-05-attribution.md" />
    <File Path="../docs/features/Phase 0-MVP/F-TRF-008/US-008-06-delete-account.md" />
    <File Path="../docs/features/Phase 0-MVP/F-TRF-009/F-TRF-009-my-files.md" />
    <File Path="../docs/features/Phase 0-MVP/F-TRF-009/US-009-01-history-list.md" />
    <File Path="../docs/features/Phase 0-MVP/F-TRF-009/US-009-02-filters.md" />
    <File Path="../docs/features/Phase 0-MVP/F-TRF-009/US-009-03-resend.md" />
    <File Path="../docs/features/Phase 0-MVP/F-TRF-009/US-009-04-delete.md" />
    <File Path="../docs/features/Phase 0-MVP/F-TRF-010/F-TRF-010-resend.md" />
    <File Path="../docs/features/Phase 0-MVP/F-TRF-010/US-010-01-resend-click.md" />
    <File Path="../docs/features/Phase 0-MVP/F-TRF-010/US-010-02-edit-prefill.md" />
    <File Path="../docs/features/Phase 0-MVP/F-TRF-010/US-010-03-shared-blobs.md" />
    <File Path="../docs/features/Phase 0-MVP/F-TRF-011/F-TRF-011-admin.md" />
    <File Path="../docs/features/Phase 0-MVP/F-TRF-011/US-011-01-overview.md" />
    <File Path="../docs/features/Phase 0-MVP/F-TRF-011/US-011-02-transfers-admin.md" />
    <File Path="../docs/features/Phase 0-MVP/F-TRF-011/US-011-03-users-admin.md" />
    <File Path="../docs/features/Phase 0-MVP/F-TRF-011/US-011-04-flags-audit.md" />
    <File Path="../docs/features/Phase 0-MVP/F-TRF-012/F-TRF-012-telemetry.md" />
    <File Path="../docs/features/Phase 0-MVP/F-TRF-012/US-012-01-correlation.md" />
    <File Path="../docs/features/Phase 0-MVP/F-TRF-012/US-012-02-dashboards.md" />
    <File Path="../docs/features/Phase 0-MVP/F-TRF-012/US-012-03-alerts.md" />
    <File Path="../docs/features/Phase 0-MVP/F-TRF-013/F-TRF-013-errors.md" />
    <File Path="../docs/features/Phase 0-MVP/F-TRF-013/US-013-01-error-screens.md" />
    <File Path="../docs/features/Phase 0-MVP/F-TRF-013/US-013-02-degraded-storage.md" />
    <File Path="../docs/features/Phase 0-MVP/F-TRF-013/US-013-03-degraded-email.md" />
    <File Path="../docs/features/Phase 0-MVP/F-TRF-014/F-TRF-014-i18n.md" />
    <File Path="../docs/features/Phase 0-MVP/F-TRF-014/US-014-01-localized-ui.md" />
    <File Path="../docs/features/Phase 0-MVP/F-TRF-014/US-014-02-locale-detection.md" />
    <File Path="../docs/features/Phase 0-MVP/F-TRF-014/US-014-03-localized-email.md" />
    <File Path="../docs/features/Phase 0-MVP/F-TRF-015/F-TRF-015-dark-mode.md" />
    <File Path="../docs/features/Phase 0-MVP/F-TRF-015/US-015-01-theme-choice.md" />
    <File Path="../docs/features/Phase 0-MVP/F-TRF-015/US-015-02-theme-parity.md" />
    <File Path="../docs/features/Phase 0-MVP/F-TRF-016/F-TRF-016-a11y.md" />
    <File Path="../docs/features/Phase 0-MVP/F-TRF-016/US-016-01-keyboard.md" />
    <File Path="../docs/features/Phase 0-MVP/F-TRF-016/US-016-02-screen-reader.md" />
    <File Path="../docs/features/Phase 0-MVP/F-TRF-016/US-016-03-contrast-focus.md" />
    <File Path="../docs/features/Phase 0-MVP/F-TRF-017/F-TRF-017-mobile.md" />
    <File Path="../docs/features/Phase 0-MVP/F-TRF-017/US-017-01-mobile-upload.md" />
    <File Path="../docs/features/Phase 0-MVP/F-TRF-017/US-017-02-mobile-download.md" />
    <File Path="../docs/features/Phase 0-MVP/F-TRF-017/US-017-03-touch-ui.md" />
    <File Path="../docs/features/Phase 1-Pro/F-BIL-001/F-BIL-001-plan-catalog.md" />
    <File Path="../docs/features/Phase 1-Pro/F-BIL-001/US-018-01-plans-are-data.md" />
    <File Path="../docs/features/Phase 1-Pro/F-BIL-001/US-018-02-resolve-plan-limits.md" />
    <File Path="../docs/features/Phase 1-Pro/F-BIL-001/US-018-03-plan-prices.md" />
    <File Path="../docs/features/Phase 1-Pro/F-BIL-001/US-018-04-apply-at-finalize.md" />
    <File Path="../docs/features/Phase 1-Pro/F-BIL-001/US-018-05-plan-feature-toggles.md" />
    <File Path="../docs/features/Phase 1-Pro/F-BIL-002/F-BIL-002-stripe-lifecycle.md" />
    <File Path="../docs/features/Phase 1-Pro/F-BIL-002/US-019-01-upgrade-checkout.md" />
    <File Path="../docs/features/Phase 1-Pro/F-BIL-002/US-019-02-customer-portal.md" />
    <File Path="../docs/features/Phase 1-Pro/F-BIL-002/US-019-03-idempotent-webhooks.md" />
    <File Path="../docs/features/Phase 1-Pro/F-BIL-002/US-019-04-billing-emails.md" />
    <File Path="../docs/features/Phase 1-Pro/F-BIL-002/US-019-05-grace-downgrade.md" />
    <File Path="../docs/features/Phase 1-Pro/F-BIL-002/US-019-06-restore-sub.md" />
    <File Path="../docs/features/Phase 1-Pro/F-BIL-003/F-BIL-003-plan-enforcement.md" />
    <File Path="../docs/features/Phase 1-Pro/F-BIL-003/US-020-01-plan-middleware.md" />
    <File Path="../docs/features/Phase 1-Pro/F-BIL-003/US-020-02-overquota-grace.md" />
    <File Path="../docs/features/Phase 1-Pro/F-BIL-003/US-020-03-plan-screen.md" />
    <File Path="../docs/features/Phase 1-Pro/F-BIL-003/US-020-04-plan-gates-features.md" />
    <File Path="../docs/features/Phase 1-Pro/F-PRF-001/F-PRF-001-from-branding.md" />
    <File Path="../docs/features/Phase 1-Pro/F-PRF-001/US-021-01-org-branding.md" />
    <File Path="../docs/features/Phase 1-Pro/F-PRF-001/US-021-02-email-branding.md" />
    <File Path="../docs/features/Phase 1-Pro/F-PRF-001/US-021-03-personal-name-wins.md" />
    <File Path="../docs/features/Phase 1-Pro/F-PRF-001/US-021-04-manage-logo.md" />
    <File Path="../docs/features/Phase 1-Pro/F-PRF-002/F-PRF-002-scheduled-send.md" />
    <File Path="../docs/features/Phase 1-Pro/F-PRF-002/US-022-01-schedule-transfer.md" />
    <File Path="../docs/features/Phase 1-Pro/F-PRF-002/US-022-02-schedule-semantics.md" />
    <File Path="../docs/features/Phase 1-Pro/F-PRF-002/US-022-03-schedule-window.md" />
    <File Path="../docs/features/Phase 1-Pro/F-PRF-002/US-022-04-schedule-reliability.md" />
    <File Path="../docs/features/Phase 1-Pro/F-PRF-003/F-PRF-003-download-analytics.md" />
    <File Path="../docs/features/Phase 1-Pro/F-PRF-003/US-023-01-analytic-view.md" />
    <File Path="../docs/features/Phase 1-Pro/F-PRF-003/US-023-02-file-counts.md" />
    <File Path="../docs/features/Phase 1-Pro/F-PRF-003/US-023-03-privacy-note.md" />
    <File Path="../docs/features/Phase 1-Pro/F-PRF-003/US-023-04-analytic-lifetime.md" />
    <File Path="../docs/features/Phase 1-Pro/F-PRF-004/F-PRF-004-ads-free-tier.md" />
    <File Path="../docs/features/Phase 1-Pro/F-PRF-004/US-024-01-ad-slot.md" />
    <File Path="../docs/features/Phase 1-Pro/F-PRF-004/US-024-02-pro-ad-free.md" />
    <File Path="../docs/features/Phase 1-Pro/F-PRF-004/US-024-03-ad-failure.md" />
    <File Path="../docs/features/Phase 1-Pro/F-PRF-004/US-024-04-ads-flag.md" />
    <File Path="../docs/features/Phase 2-Collect-Sign-Albums/F-ALB-001/F-ALB-001-create-album.md" />
    <File Path="../docs/features/Phase 2-Collect-Sign-Albums/F-ALB-001/US-034-01-create-album.md" />
    <File Path="../docs/features/Phase 2-Collect-Sign-Albums/F-ALB-001/US-034-02-album-password.md" />
    <File Path="../docs/features/Phase 2-Collect-Sign-Albums/F-ALB-001/US-034-03-album-size-cap.md" />
    <File Path="../docs/features/Phase 2-Collect-Sign-Albums/F-ALB-002/F-ALB-002-share-album.md" />
    <File Path="../docs/features/Phase 2-Collect-Sign-Albums/F-ALB-002/US-035-01-invite-album.md" />
    <File Path="../docs/features/Phase 2-Collect-Sign-Albums/F-ALB-002/US-035-02-persistent-link.md" />
    <File Path="../docs/features/Phase 2-Collect-Sign-Albums/F-ALB-002/US-035-03-invite-branding.md" />
    <File Path="../docs/features/Phase 2-Collect-Sign-Albums/F-ALB-003/F-ALB-003-contribute-album.md" />
    <File Path="../docs/features/Phase 2-Collect-Sign-Albums/F-ALB-003/US-036-01-invite-contributor.md" />
    <File Path="../docs/features/Phase 2-Collect-Sign-Albums/F-ALB-003/US-036-02-grid-view.md" />
    <File Path="../docs/features/Phase 2-Collect-Sign-Albums/F-ALB-003/US-036-03-lightbox.md" />
    <File Path="../docs/features/Phase 2-Collect-Sign-Albums/F-ALB-003/US-036-04-close-album.md" />
    <File Path="../docs/features/Phase 2-Collect-Sign-Albums/F-ALB-004/F-ALB-004-mobile-album.md" />
    <File Path="../docs/features/Phase 2-Collect-Sign-Albums/F-ALB-004/US-037-01-mobile-grid.md" />
    <File Path="../docs/features/Phase 2-Collect-Sign-Albums/F-ALB-004/US-037-02-mobile-lightbox.md" />
    <File Path="../docs/features/Phase 2-Collect-Sign-Albums/F-ALB-004/US-037-03-mobile-download.md" />
    <File Path="../docs/features/Phase 2-Collect-Sign-Albums/F-COL-001/F-COL-001-create-collection.md" />
    <File Path="../docs/features/Phase 2-Collect-Sign-Albums/F-COL-001/US-025-01-create-collection.md" />
    <File Path="../docs/features/Phase 2-Collect-Sign-Albums/F-COL-001/US-025-02-collection-link.md" />
    <File Path="../docs/features/Phase 2-Collect-Sign-Albums/F-COL-001/US-025-03-field-setup.md" />
    <File Path="../docs/features/Phase 2-Collect-Sign-Albums/F-COL-001/US-025-04-create-with-due-date.md" />
    <File Path="../docs/features/Phase 2-Collect-Sign-Albums/F-COL-002/F-COL-002-submission.md" />
    <File Path="../docs/features/Phase 2-Collect-Sign-Albums/F-COL-002/US-026-01-submit-as-guest.md" />
    <File Path="../docs/features/Phase 2-Collect-Sign-Albums/F-COL-002/US-026-02-fill-required-fields.md" />
    <File Path="../docs/features/Phase 2-Collect-Sign-Albums/F-COL-002/US-026-03-submit-multiple-times.md" />
    <File Path="../docs/features/Phase 2-Collect-Sign-Albums/F-COL-003/F-COL-003-submissions-dashboard.md" />
    <File Path="../docs/features/Phase 2-Collect-Sign-Albums/F-COL-003/US-027-01-submissions-overview.md" />
    <File Path="../docs/features/Phase 2-Collect-Sign-Albums/F-COL-003/US-027-02-download-person-files.md" />
    <File Path="../docs/features/Phase 2-Collect-Sign-Albums/F-COL-003/US-027-03-set-status.md" />
    <File Path="../docs/features/Phase 2-Collect-Sign-Albums/F-COL-003/US-027-04-find-submission.md" />
    <File Path="../docs/features/Phase 2-Collect-Sign-Albums/F-COL-004/F-COL-004-due-date.md" />
    <File Path="../docs/features/Phase 2-Collect-Sign-Albums/F-COL-004/US-028-01-past-due-banner.md" />
    <File Path="../docs/features/Phase 2-Collect-Sign-Albums/F-COL-004/US-028-02-late-grace.md" />
    <File Path="../docs/features/Phase 2-Collect-Sign-Albums/F-COL-004/US-028-03-auto-close.md" />
    <File Path="../docs/features/Phase 2-Collect-Sign-Albums/F-COL-005/F-COL-005-completion.md" />
    <File Path="../docs/features/Phase 2-Collect-Sign-Albums/F-COL-005/US-029-01-mark-done.md" />
    <File Path="../docs/features/Phase 2-Collect-Sign-Albums/F-COL-005/US-029-02-contributor-notified.md" />
    <File Path="../docs/features/Phase 2-Collect-Sign-Albums/F-COL-005/US-029-03-declined-resubmit.md" />
    <File Path="../docs/features/Phase 2-Collect-Sign-Albums/F-SGN-001/F-SGN-001-send-document.md" />
    <File Path="../docs/features/Phase 2-Collect-Sign-Albums/F-SGN-001/US-030-01-send-document.md" />
    <File Path="../docs/features/Phase 2-Collect-Sign-Albums/F-SGN-001/US-030-02-signer-order.md" />
    <File Path="../docs/features/Phase 2-Collect-Sign-Albums/F-SGN-001/US-030-03-docx-to-pdf.md" />
    <File Path="../docs/features/Phase 2-Collect-Sign-Albums/F-SGN-001/US-030-04-void-document.md" />
    <File Path="../docs/features/Phase 2-Collect-Sign-Albums/F-SGN-002/F-SGN-002-sign.md" />
    <File Path="../docs/features/Phase 2-Collect-Sign-Albums/F-SGN-002/US-031-01-sign-with-3-methods.md" />
    <File Path="../docs/features/Phase 2-Collect-Sign-Albums/F-SGN-002/US-031-02-agreed-on.md" />
    <File Path="../docs/features/Phase 2-Collect-Sign-Albums/F-SGN-002/US-031-03-decline-document.md" />
    <File Path="../docs/features/Phase 2-Collect-Sign-Albums/F-SGN-002/US-031-04-turn-state.md" />
    <File Path="../docs/features/Phase 2-Collect-Sign-Albums/F-SGN-003/F-SGN-003-audit-trail.md" />
    <File Path="../docs/features/Phase 2-Collect-Sign-Albums/F-SGN-003/US-032-01-proof-of-signing.md" />
    <File Path="../docs/features/Phase 2-Collect-Sign-Albums/F-SGN-003/US-032-02-immutable-log.md" />
    <File Path="../docs/features/Phase 2-Collect-Sign-Albums/F-SGN-003/US-032-03-stated-gdpr.md" />
    <File Path="../docs/features/Phase 2-Collect-Sign-Albums/F-SGN-004/F-SGN-004-final-document.md" />
    <File Path="../docs/features/Phase 2-Collect-Sign-Albums/F-SGN-004/US-033-01-final-pdf.md" />
    <File Path="../docs/features/Phase 2-Collect-Sign-Albums/F-SGN-004/US-033-02-final-notified.md" />
    <File Path="../docs/features/Phase 2-Collect-Sign-Albums/F-SGN-004/US-033-03-final-integrity.md" />
    <File Path="../docs/features/Phase 3-Enterprise/F-ENT-001/F-ENT-001-sso.md" />
    <File Path="../docs/features/Phase 3-Enterprise/F-ENT-001/US-038-01-connect-entra.md" />
    <File Path="../docs/features/Phase 3-Enterprise/F-ENT-001/US-038-02-sso-sign-in.md" />
    <File Path="../docs/features/Phase 3-Enterprise/F-ENT-001/US-038-03-saml.md" />
    <File Path="../docs/features/Phase 3-Enterprise/F-ENT-001/US-038-04-enforce-sso.md" />
    <File Path="../docs/features/Phase 3-Enterprise/F-ENT-001/US-038-05-group-entitlement.md" />
    <File Path="../docs/features/Phase 3-Enterprise/F-ENT-001/US-038-06-sso-logout.md" />
    <File Path="../docs/features/Phase 3-Enterprise/F-ENT-002/F-ENT-002-scim.md" />
    <File Path="../docs/features/Phase 3-Enterprise/F-ENT-002/US-039-01-scim-users.md" />
    <File Path="../docs/features/Phase 3-Enterprise/F-ENT-002/US-039-02-scim-groups.md" />
    <File Path="../docs/features/Phase 3-Enterprise/F-ENT-002/US-039-03-scim-secret.md" />
    <File Path="../docs/features/Phase 3-Enterprise/F-ENT-003/F-ENT-003-org-admin.md" />
    <File Path="../docs/features/Phase 3-Enterprise/F-ENT-003/US-040-01-create-org.md" />
    <File Path="../docs/features/Phase 3-Enterprise/F-ENT-003/US-040-02-manage-members.md" />
    <File Path="../docs/features/Phase 3-Enterprise/F-ENT-003/US-040-03-audit-log.md" />
    <File Path="../docs/features/Phase 3-Enterprise/F-ENT-003/US-040-04-org-plan.md" />
    <File Path="../docs/features/Phase 3-Enterprise/F-ENT-004/F-ENT-004-data-residency.md" />
    <File Path="../docs/features/Phase 3-Enterprise/F-ENT-004/US-041-01-choose-region.md" />
    <File Path="../docs/features/Phase 3-Enterprise/F-ENT-004/US-041-02-residency-report.md" />
    <File Path="../docs/features/Phase 3-Enterprise/F-ENT-004/US-041-03-nightly-check.md" />
    <File Path="../docs/features/Phase 3-Enterprise/F-ENT-005/F-ENT-005-custom-subdomain.md" />
    <File Path="../docs/features/Phase 3-Enterprise/F-ENT-005/US-042-01-claim-domain.md" />
    <File Path="../docs/features/Phase 3-Enterprise/F-ENT-005/US-042-02-verify-dns.md" />
    <File Path="../docs/features/Phase 3-Enterprise/F-ENT-005/US-042-03-canonical-links.md" />
    <File Path="../docs/features/Phase 3-Enterprise/F-ENT-006/F-ENT-006-workspaces.md" />
    <File Path="../docs/features/Phase 3-Enterprise/F-ENT-006/US-043-01-create-workspace.md" />
    <File Path="../docs/features/Phase 3-Enterprise/F-ENT-006/US-043-02-workspace-limits.md" />
    <File Path="../docs/features/Phase 3-Enterprise/F-ENT-006/US-043-03-send-from-workspace.md" />
    <File Path="../docs/features/Phase 3-Enterprise/F-ENT-006/US-043-04-workspace-usage.md" />
    <File Path="../docs/features/Phase X-Cross-Cutting/F-XCT-001/F-XCT-001-feature-flags.md" />
    <File Path="../docs/features/Phase X-Cross-Cutting/F-XCT-001/US-044-01-edit-limits.md" />
    <File Path="../docs/features/Phase X-Cross-Cutting/F-XCT-001/US-044-02-gate-feature.md" />
    <File Path="../docs/features/Phase X-Cross-Cutting/F-XCT-002/F-XCT-002-search.md" />
    <File Path="../docs/features/Phase X-Cross-Cutting/F-XCT-002/US-045-01-find-transfer.md" />
    <File Path="../docs/features/Phase X-Cross-Cutting/F-XCT-003/F-XCT-003-email-settings.md" />
    <File Path="../docs/features/Phase X-Cross-Cutting/F-XCT-003/US-046-01-turn-off.md" />
    <File Path="../docs/features/Phase X-Cross-Cutting/F-XCT-003/US-046-02-recipients-unaffected.md" />
    <File Path="../docs/features/Phase X-Cross-Cutting/F-XCT-004/F-XCT-004-gdpr-export-erasure.md" />
    <File Path="../docs/features/Phase X-Cross-Cutting/F-XCT-004/US-047-01-download-my-data.md" />
    <File Path="../docs/features/Phase X-Cross-Cutting/F-XCT-004/US-047-02-erase-telemetry.md" />
    <File Path="../docs/features/Phase X-Cross-Cutting/F-XCT-004/US-047-03-erasure-report.md" />
    <File Path="../docs/features/Phase X-Cross-Cutting/F-XCT-005/F-XCT-005-pii-policy.md" />
    <File Path="../docs/features/Phase X-Cross-Cutting/F-XCT-005/US-048-01-anonymous-telemetry.md" />
    <File Path="../docs/features/Phase X-Cross-Cutting/F-XCT-005/US-048-02-ci-gate.md" />
    <File Path="../docs/features/Phase X-Cross-Cutting/F-XCT-005/US-048-03-cite-policy.md" />
    <File Path="../docs/features/README.md" />
  </Folder>
</Solution>